// !$*UTF8*$!
{
	archiveVersion = 1;
	classes = {
	};
	objectVersion = 46;
	objects = {

/* Begin PBXBuildFile section */
		464138071858DBAE0065339D /* Cocoa.framework in Frameworks */ = {isa = PBXBuildFile; fileRef = 464138061858DBAE0065339D /* Cocoa.framework */; };
		464138091858DBAE0065339D /* AppleScriptObjC.framework in Frameworks */ = {isa = PBXBuildFile; fileRef = 464138081858DBAE0065339D /* AppleScriptObjC.framework */; };
		464138131858DBAE0065339D /* InfoPlist.strings in Resources */ = {isa = PBXBuildFile; fileRef = 464138111858DBAE0065339D /* InfoPlist.strings */; };
		464138151858DBAE0065339D /* main.m in Sources */ = {isa = PBXBuildFile; fileRef = 464138141858DBAE0065339D /* main.m */; };
		464138191858DBAE0065339D /* Credits.rtf in Resources */ = {isa = PBXBuildFile; fileRef = 464138171858DBAE0065339D /* Credits.rtf */; };
		4641381B1858DBAE0065339D /* AppDelegate.applescript in Sources */ = {isa = PBXBuildFile; fileRef = 4641381A1858DBAE0065339D /* AppDelegate.applescript */; };
		4641381E1858DBAE0065339D /* MainMenu.xib in Resources */ = {isa = PBXBuildFile; fileRef = 4641381C1858DBAE0065339D /* MainMenu.xib */; };
		464138201858DBAE0065339D /* Images.xcassets in Resources */ = {isa = PBXBuildFile; fileRef = 4641381F1858DBAE0065339D /* Images.xcassets */; };
/* End PBXBuildFile section */

/* Begin PBXFileReference section */
		464138031858DBAE0065339D /* u.app */ = {isa = PBXFileReference; explicitFileType = wrapper.application; includeInIndex = 0; path = u.app; sourceTree = BUILT_PRODUCTS_DIR; };
		464138061858DBAE0065339D /* Cocoa.framework */ = {isa = PBXFileReference; lastKnownFileType = wrapper.framework; name = Cocoa.framework; path = System/Library/Frameworks/Cocoa.framework; sourceTree = SDKROOT; };
		464138081858DBAE0065339D /* AppleScriptObjC.framework */ = {isa = PBXFileReference; lastKnownFileType = wrapper.framework; name = AppleScriptObjC.framework; path = System/Library/Frameworks/AppleScriptObjC.framework; sourceTree = SDKROOT; };
		4641380B1858DBAE0065339D /* AppKit.framework */ = {isa = PBXFileReference; lastKnownFileType = wrapper.framework; name = AppKit.framework; path = System/Library/Frameworks/AppKit.framework; sourceTree = SDKROOT; };
		4641380C1858DBAE0065339D /* CoreData.framework */ = {isa = PBXFileReference; lastKnownFileType = wrapper.framework; name = CoreData.framework; path = System/Library/Frameworks/CoreData.framework; sourceTree = SDKROOT; };
		4641380D1858DBAE0065339D /* Foundation.framework */ = {isa = PBXFileReference; lastKnownFileType = wrapper.framework; name = Foundation.framework; path = System/Library/Frameworks/Foundation.framework; sourceTree = SDKROOT; };
		464138101858DBAE0065339D /* u-Info.plist */ = {isa = PBXFileReference; lastKnownFileType = text.plist.xml; path = "u-Info.plist"; sourceTree = "<group>"; };
		464138121858DBAE0065339D /* en */ = {isa = PBXFileReference; lastKnownFileType = text.plist.strings; name = en; path = en.lproj/InfoPlist.strings; sourceTree = "<group>"; };
		464138141858DBAE0065339D /* main.m */ = {isa = PBXFileReference; lastKnownFileType = sourcecode.c.objc; path = main.m; sourceTree = "<group>"; };
		464138161858DBAE0065339D /* u-Prefix.pch */ = {isa = PBXFileReference; lastKnownFileType = sourcecode.c.h; path = "u-Prefix.pch"; sourceTree = "<group>"; };
		464138181858DBAE0065339D /* en */ = {isa = PBXFileReference; lastKnownFileType = text.rtf; name = en; path = en.lproj/Credits.rtf; sourceTree = "<group>"; };
		4641381A1858DBAE0065339D /* AppDelegate.applescript */ = {isa = PBXFileReference; lastKnownFileType = sourcecode.applescript; path = AppDelegate.applescript; sourceTree = "<group>"; };
		4641381D1858DBAE0065339D /* Base */ = {isa = PBXFileReference; lastKnownFileType = file.xib; name = Base; path = Base.lproj/MainMenu.xib; sourceTree = "<group>"; };
		4641381F1858DBAE0065339D /* Images.xcassets */ = {isa = PBXFileReference; lastKnownFileType = folder.assetcatalog; path = Images.xcassets; sourceTree = "<group>"; };
/* End PBXFileReference section */

/* Begin PBXFrameworksBuildPhase section */
		464138001858DBAE0065339D /* Frameworks */ = {
			isa = PBXFrameworksBuildPhase;
			buildActionMask = 2147483647;
			files = (
				464138091858DBAE0065339D /* AppleScriptObjC.framework in Frameworks */,
				464138071858DBAE0065339D /* Cocoa.framework in Frameworks */,
			);
			runOnlyForDeploymentPostprocessing = 0;
		};
/* End PBXFrameworksBuildPhase section */

/* Begin PBXGroup section */
		464137FA1858DBAE0065339D = {
			isa = PBXGroup;
			children = (
				4641380E1858DBAE0065339D /* u */,
				464138051858DBAE0065339D /* Frameworks */,
				464138041858DBAE0065339D /* Products */,
			);
			sourceTree = "<group>";
		};
		464138041858DBAE0065339D /* Products */ = {
			isa = PBXGroup;
			children = (
				464138031858DBAE0065339D /* u.app */,
			);
			name = Products;
			sourceTree = "<group>";
		};
		464138051858DBAE0065339D /* Frameworks */ = {
			isa = PBXGroup;
			children = (
				464138061858DBAE0065339D /* Cocoa.framework */,
				464138081858DBAE0065339D /* AppleScriptObjC.framework */,
				4641380A1858DBAE0065339D /* Other Frameworks */,
			);
			name = Frameworks;
			sourceTree = "<group>";
		};
		4641380A1858DBAE0065339D /* Other Frameworks */ = {
			isa = PBXGroup;
			children = (
				4641380B1858DBAE0065339D /* AppKit.framework */,
				4641380C1858DBAE0065339D /* CoreData.framework */,
				4641380D1858DBAE0065339D /* Foundation.framework */,
			);
			name = "Other Frameworks";
			sourceTree = "<group>";
		};
		4641380E1858DBAE0065339D /* u */ = {
			isa = PBXGroup;
			children = (
				4641381A1858DBAE0065339D /* AppDelegate.applescript */,
				4641381C1858DBAE0065339D /* MainMenu.xib */,
				4641381F1858DBAE0065339D /* Images.xcassets */,
				4641380F1858DBAE0065339D /* Supporting Files */,
			);
			path = u;
			sourceTree = "<group>";
		};
		4641380F1858DBAE0065339D /* Supporting Files */ = {
			isa = PBXGroup;
			children = (
				464138101858DBAE0065339D /* u-Info.plist */,
				464138111858DBAE0065339D /* InfoPlist.strings */,
				464138141858DBAE0065339D /* main.m */,
				464138161858DBAE0065339D /* u-Prefix.pch */,
				464138171858DBAE0065339D /* Credits.rtf */,
			);
			name = "Supporting Files";
			sourceTree = "<group>";
		};
/* End PBXGroup section */

/* Begin PBXNativeTarget section */
		464138021858DBAE0065339D /* u */ = {
			isa = PBXNativeTarget;
			buildConfigurationList = 464138231858DBAE0065339D /* Build configuration list for PBXNativeTarget "u" */;
			buildPhases = (
				464137FF1858DBAE0065339D /* Sources */,
				464138001858DBAE0065339D /* Frameworks */,
				464138011858DBAE0065339D /* Resources */,
			);
			buildRules = (
			);
			dependencies = (
			);
			name = u;
			productName = u;
			productReference = 464138031858DBAE0065339D /* u.app */;
			productType = "com.apple.product-type.application";
		};
/* End PBXNativeTarget section */

/* Begin PBXProject section */
		464137FB1858DBAE0065339D /* Project object */ = {
			isa = PBXProject;
			attributes = {
				LastUpgradeCheck = 0500;
				ORGANIZATIONNAME = "Mac Admin";
			};
			buildConfigurationList = 464137FE1858DBAE0065339D /* Build configuration list for PBXProject "u" */;
			compatibilityVersion = "Xcode 3.2";
			developmentRegion = English;
			hasScannedForEncodings = 0;
			knownRegions = (
				en,
				Base,
			);
			mainGroup = 464137FA1858DBAE0065339D;
			productRefGroup = 464138041858DBAE0065339D /* Products */;
			projectDirPath = "";
			projectRoot = "";
			targets = (
				464138021858DBAE0065339D /* u */,
			);
		};
/* End PBXProject section */

/* Begin PBXResourcesBuildPhase section */
		464138011858DBAE0065339D /* Resources */ = {
			isa = PBXResourcesBuildPhase;
			buildActionMask = 2147483647;
			files = (
				464138131858DBAE0065339D /* InfoPlist.strings in Resources */,
				464138201858DBAE0065339D /* Images.xcassets in Resources */,
				464138191858DBAE0065339D /* Credits.rtf in Resources */,
				4641381E1858DBAE0065339D /* MainMenu.xib in Resources */,
			);
			runOnlyForDeploymentPostprocessing = 0;
		};
/* End PBXResourcesBuildPhase section */

/* Begin PBXSourcesBuildPhase section */
		464137FF1858DBAE0065339D /* Sources */ = {
			isa = PBXSourcesBuildPhase;
			buildActionMask = 2147483647;
			files = (
				4641381B1858DBAE0065339D /* AppDelegate.applescript in Sources */,
				464138151858DBAE0065339D /* main.m in Sources */,
			);
			runOnlyForDeploymentPostprocessing = 0;
		};
/* End PBXSourcesBuildPhase section */

/* Begin PBXVariantGroup section */
		464138111858DBAE0065339D /* InfoPlist.strings */ = {
			isa = PBXVariantGroup;
			children = (
				464138121858DBAE0065339D /* en */,
			);
			name = InfoPlist.strings;
			sourceTree = "<group>";
		};
		464138171858DBAE0065339D /* Credits.rtf */ = {
			isa = PBXVariantGroup;
			children = (
				464138181858DBAE0065339D /* en */,
			);
			name = Credits.rtf;
			sourceTree = "<group>";
		};
		4641381C1858DBAE0065339D /* MainMenu.xib */ = {
			isa = PBXVariantGroup;
			children = (
				4641381D1858DBAE0065339D /* Base */,
			);
			name = MainMenu.xib;
			sourceTree = "<group>";
		};
/* End PBXVariantGroup section */

/* Begin XCBuildConfiguration section */
		464138211858DBAE0065339D /* Debug */ = {
			isa = XCBuildConfiguration;
			buildSettings = {
				ALWAYS_SEARCH_USER_PATHS = NO;
				CLANG_CXX_LANGUAGE_STANDARD = "gnu++0x";
				CLANG_CXX_LIBRARY = "libc++";
				CLANG_ENABLE_OBJC_ARC = YES;
				CLANG_WARN_BOOL_CONVERSION = YES;
				CLANG_WARN_CONSTANT_CONVERSION = YES;
				CLANG_WARN_DIRECT_OBJC_ISA_USAGE = YES_ERROR;
				CLANG_WARN_EMPTY_BODY = YES;
				CLANG_WARN_ENUM_CONVERSION = YES;
				CLANG_WARN_INT_CONVERSION = YES;
				CLANG_WARN_OBJC_ROOT_CLASS = YES_ERROR;
				CLANG_WARN__DUPLICATE_METHOD_MATCH = YES;
				COPY_PHASE_STRIP = NO;
				GCC_C_LANGUAGE_STANDARD = gnu99;
				GCC_DYNAMIC_NO_PIC = NO;
				GCC_ENABLE_OBJC_EXCEPTIONS = YES;
				GCC_OPTIMIZATION_LEVEL = 0;
				GCC_PREPROCESSOR_DEFINITIONS = (
					"DEBUG=1",
					"$(inherited)",
				);
				GCC_SYMBOLS_PRIVATE_EXTERN = NO;
				GCC_WARN_64_TO_32_BIT_CONVERSION = YES;
				GCC_WARN_ABOUT_RETURN_TYPE = YES_ERROR;
				GCC_WARN_UNDECLARED_SELECTOR = YES;
				GCC_WARN_UNINITIALIZED_AUTOS = YES;
				GCC_WARN_UNUSED_FUNCTION = YES;
				GCC_WARN_UNUSED_VARIABLE = YES;
				MACOSX_DEPLOYMENT_TARGET = 10.8;
				ONLY_ACTIVE_ARCH = YES;
				SDKROOT = macosx;
			};
			name = Debug;
		};
		464138221858DBAE0065339D /* Release */ = {
			isa = XCBuildConfiguration;
			buildSettings = {
				ALWAYS_SEARCH_USER_PATHS = NO;
				CLANG_CXX_LANGUAGE_STANDARD = "gnu++0x";
				CLANG_CXX_LIBRARY = "libc++";
				CLANG_ENABLE_OBJC_ARC = YES;
				CLANG_WARN_BOOL_CONVERSION = YES;
				CLANG_WARN_CONSTANT_CONVERSION = YES;
				CLANG_WARN_DIRECT_OBJC_ISA_USAGE = YES_ERROR;
				CLANG_WARN_EMPTY_BODY = YES;
				CLANG_WARN_ENUM_CONVERSION = YES;
				CLANG_WARN_INT_CONVERSION = YES;
				CLANG_WARN_OBJC_ROOT_CLASS = YES_ERROR;
				CLANG_WARN__DUPLICATE_METHOD_MATCH = YES;
				COPY_PHASE_STRIP = YES;
				DEBUG_INFORMATION_FORMAT = "dwarf-with-dsym";
				ENABLE_NS_ASSERTIONS = NO;
				GCC_C_LANGUAGE_STANDARD = gnu99;
				GCC_ENABLE_OBJC_EXCEPTIONS = YES;
				GCC_WARN_64_TO_32_BIT_CONVERSION = YES;
				GCC_WARN_ABOUT_RETURN_TYPE = YES_ERROR;
				GCC_WARN_UNDECLARED_SELECTOR = YES;
				GCC_WARN_UNINITIALIZED_AUTOS = YES;
				GCC_WARN_UNUSED_FUNCTION = YES;
				GCC_WARN_UNUSED_VARIABLE = YES;
				MACOSX_DEPLOYMENT_TARGET = 10.8;
				SDKROOT = macosx;
			};
			name = Release;
		};
		464138241858DBAE0065339D /* Debug */ = {
			isa = XCBuildConfiguration;
			buildSettings = {
				ASSETCATALOG_COMPILER_APPICON_NAME = AppIcon;
				COMBINE_HIDPI_IMAGES = YES;
				GCC_PRECOMPILE_PREFIX_HEADER = YES;
				GCC_PREFIX_HEADER = "u/u-Prefix.pch";
				INFOPLIST_FILE = "u/u-Info.plist";
				PRODUCT_NAME = "$(TARGET_NAME)";
				WRAPPER_EXTENSION = app;
			};
			name = Debug;
		};
		464138251858DBAE0065339D /* Release */ = {
			isa = XCBuildConfiguration;
			buildSettings = {
				ASSETCATALOG_COMPILER_APPICON_NAME = AppIcon;
				COMBINE_HIDPI_IMAGES = YES;
				GCC_PRECOMPILE_PREFIX_HEADER = YES;
				GCC_PREFIX_HEADER = "u/u-Prefix.pch";
				INFOPLIST_FILE = "u/u-Info.plist";
				PRODUCT_NAME = "$(TARGET_NAME)";
				WRAPPER_EXTENSION = app;
			};
			name = Release;
		};
/* End XCBuildConfiguration section */

/* Begin XCConfigurationList section */
		464137FE1858DBAE0065339D /* Build configuration list for PBXProject "u" */ = {
			isa = XCConfigurationList;
			buildConfigurations = (
				464138211858DBAE0065339D /* Debug */,
				464138221858DBAE0065339D /* Release */,
			);
			defaultConfigurationIsVisible = 0;
			defaultConfigurationName = Release;
		};
		464138231858DBAE0065339D /* Build configuration list for PBXNativeTarget "u" */ = {
			isa = XCConfigurationList;
			buildConfigurations = (
				464138241858DBAE0065339D /* Debug */,
				464138251858DBAE0065339D /* Release */,
			);
			defaultConfigurationIsVisible = 0;
		};
/* End XCConfigurationList section */
	};
	rootObject = 464137FB1858DBAE0065339D /* Project object */;
}
